
Microsoft Visual Studio Solution File, Format Version 12.00
# Visual Studio 2012
Project("{FAE04EC0-301F-11D3-BF4B-00C04F79EFBC}") = "Relatorios", "Relatorios\Relatorios.csproj", "{DBA0051E-D27B-4710-8EA6-313EEBF29CE4}"
EndProject
Global
	GlobalSection(SolutionConfigurationPlatforms) = preSolution
		Debug|Any CPU = Debug|Any CPU
		Release|Any CPU = Release|Any CPU
	EndGlobalSection
	GlobalSection(ProjectConfigurationPlatforms) = postSolution
		{DBA0051E-D27B-4710-8EA6-313EEBF29CE4}.Debug|Any CPU.ActiveCfg = Debug|Any CPU
		{DBA0051E-D27B-4710-8EA6-313EEBF29CE4}.Debug|Any CPU.Build.0 = Debug|Any CPU
		{DBA0051E-D27B-4710-8EA6-313EEBF29CE4}.Release|Any CPU.ActiveCfg = Release|Any CPU
		{DBA0051E-D27B-4710-8EA6-313EEBF29CE4}.Release|Any CPU.Build.0 = Release|Any CPU
	EndGlobalSection
	GlobalSection(SolutionProperties) = preSolution
		HideSolutionNode = FALSE
	EndGlobalSection
EndGlobal
